
Microsoft Visual Studio Solution File, Format Version 12.00
# Visual Studio Version 17
VisualStudioVersion = 17.4.33213.308
MinimumVisualStudioVersion = 10.0.40219.1
Project("{FAE04EC0-301F-11D3-BF4B-00C04F79EFBC}") = "SpecialProject2_Paint", "SpecialProject2_Paint\SpecialProject2_Paint.csproj", "{A78925EE-FA8E-4EFD-87F8-A965F596061D}"
EndProject
Global
	GlobalSection(SolutionConfigurationPlatforms) = preSolution
		Debug|Any CPU = Debug|Any CPU
		Release|Any CPU = Release|Any CPU
	EndGlobalSection
	GlobalSection(ProjectConfigurationPlatforms) = postSolution
		{A78925EE-FA8E-4EFD-87F8-A965F596061D}.Debug|Any CPU.ActiveCfg = Debug|Any CPU
		{A78925EE-FA8E-4EFD-87F8-A965F596061D}.Debug|Any CPU.Build.0 = Debug|Any CPU
		{A78925EE-FA8E-4EFD-87F8-A965F596061D}.Release|Any CPU.ActiveCfg = Release|Any CPU
		{A78925EE-FA8E-4EFD-87F8-A965F596061D}.Release|Any CPU.Build.0 = Release|Any CPU
	EndGlobalSection
	GlobalSection(SolutionProperties) = preSolution
		HideSolutionNode = FALSE
	EndGlobalSection
	GlobalSection(ExtensibilityGlobals) = postSolution
		SolutionGuid = {A0548B57-0BFA-4729-AB1E-3FC3FA7F10ED}
	EndGlobalSection
EndGlobal
